
Microsoft Visual Studio Solution File, Format Version 11.00
# Visual Studio 2010
Project("{FAE04EC0-301F-11D3-BF4B-00C04F79EFBC}") = "Assembly-CSharp", "Assembly-CSharp.csproj", "{3724ad4c-dc46-9495-c08d-773991972b2d}"
EndProject
Project("{FAE04EC0-301F-11D3-BF4B-00C04F79EFBC}") = "Assembly-CSharp-Editor", "Assembly-CSharp-Editor.csproj", "{d84c1a99-0f81-987b-f722-9a646f7d45d1}"
EndProject
Global
	GlobalSection(SolutionConfigurationPlatforms) = preSolution
		Debug|Any CPU = Debug|Any CPU
	EndGlobalSection
	GlobalSection(ProjectConfigurationPlatforms) = postSolution
		{3724ad4c-dc46-9495-c08d-773991972b2d}.Debug|Any CPU.ActiveCfg = Debug|Any CPU
		{3724ad4c-dc46-9495-c08d-773991972b2d}.Debug|Any CPU.Build.0 = Debug|Any CPU
		{d84c1a99-0f81-987b-f722-9a646f7d45d1}.Debug|Any CPU.ActiveCfg = Debug|Any CPU
		{d84c1a99-0f81-987b-f722-9a646f7d45d1}.Debug|Any CPU.Build.0 = Debug|Any CPU
	EndGlobalSection
	GlobalSection(SolutionProperties) = preSolution
		HideSolutionNode = FALSE
	EndGlobalSection
EndGlobal
